
Microsoft Visual Studio Solution File, Format Version 12.00
# Visual Studio 2012
Project("{FAE04EC0-301F-11D3-BF4B-00C04F79EFBC}") = "NPoco", "NPoco\NPoco.csproj", "{8620D6FB-21BD-44FD-A94B-C04412DDCFD1}"
EndProject
Project("{FAE04EC0-301F-11D3-BF4B-00C04F79EFBC}") = "NPoco.SqlStoredProcedures", "NPoco.SqlStoredProcedures\NPoco.SqlStoredProcedures.csproj", "{31F22017-F781-4B82-98E8-E1799FEB03A4}"
EndProject
Project("{FAE04EC0-301F-11D3-BF4B-00C04F79EFBC}") = "NPoco.iSeriesTest", "NPoco.iSeriesTest\NPoco.iSeriesTest.csproj", "{DCD0D05A-0FF0-4C62-A008-0035344214BB}"
EndProject
Global
	GlobalSection(SolutionConfigurationPlatforms) = preSolution
		Debug|Any CPU = Debug|Any CPU
		Release|Any CPU = Release|Any CPU
	EndGlobalSection
	GlobalSection(ProjectConfigurationPlatforms) = postSolution
		{8620D6FB-21BD-44FD-A94B-C04412DDCFD1}.Debug|Any CPU.ActiveCfg = Debug|Any CPU
		{8620D6FB-21BD-44FD-A94B-C04412DDCFD1}.Debug|Any CPU.Build.0 = Debug|Any CPU
		{8620D6FB-21BD-44FD-A94B-C04412DDCFD1}.Release|Any CPU.ActiveCfg = Release|Any CPU
		{8620D6FB-21BD-44FD-A94B-C04412DDCFD1}.Release|Any CPU.Build.0 = Release|Any CPU
		{31F22017-F781-4B82-98E8-E1799FEB03A4}.Debug|Any CPU.ActiveCfg = Debug|Any CPU
		{31F22017-F781-4B82-98E8-E1799FEB03A4}.Debug|Any CPU.Build.0 = Debug|Any CPU
		{31F22017-F781-4B82-98E8-E1799FEB03A4}.Release|Any CPU.ActiveCfg = Release|Any CPU
		{31F22017-F781-4B82-98E8-E1799FEB03A4}.Release|Any CPU.Build.0 = Release|Any CPU
		{DCD0D05A-0FF0-4C62-A008-0035344214BB}.Debug|Any CPU.ActiveCfg = Debug|Any CPU
		{DCD0D05A-0FF0-4C62-A008-0035344214BB}.Debug|Any CPU.Build.0 = Debug|Any CPU
		{DCD0D05A-0FF0-4C62-A008-0035344214BB}.Release|Any CPU.ActiveCfg = Release|Any CPU
		{DCD0D05A-0FF0-4C62-A008-0035344214BB}.Release|Any CPU.Build.0 = Release|Any CPU
	EndGlobalSection
	GlobalSection(SolutionProperties) = preSolution
		HideSolutionNode = FALSE
	EndGlobalSection
EndGlobal
